
Microsoft Visual Studio Solution File, Format Version 12.00
# Visual Studio 2012
Project("{FAE04EC0-301F-11D3-BF4B-00C04F79EFBC}") = "TrackMyWalks", "TrackMyWalks\TrackMyWalks.csproj", "{C5F0771F-0306-40FA-B46C-A708C2494BE7}"
EndProject
Project("{FAE04EC0-301F-11D3-BF4B-00C04F79EFBC}") = "TrackMyWalks.iOS", "iOS\TrackMyWalks.iOS.csproj", "{0AE9F8DD-9F96-4F67-84FE-C568A500821B}"
EndProject
Project("{FAE04EC0-301F-11D3-BF4B-00C04F79EFBC}") = "TrackMyWalks.Droid", "Droid\TrackMyWalks.Droid.csproj", "{106E2567-9F6A-473B-856D-E4EDF8AAAD35}"
EndProject
Global
	GlobalSection(SolutionConfigurationPlatforms) = preSolution
		Debug|Any CPU = Debug|Any CPU
		Release|Any CPU = Release|Any CPU
		Debug|iPhoneSimulator = Debug|iPhoneSimulator
		Release|iPhone = Release|iPhone
		Release|iPhoneSimulator = Release|iPhoneSimulator
		Debug|iPhone = Debug|iPhone
	EndGlobalSection
	GlobalSection(ProjectConfigurationPlatforms) = postSolution
		{C5F0771F-0306-40FA-B46C-A708C2494BE7}.Debug|Any CPU.ActiveCfg = Debug|Any CPU
		{C5F0771F-0306-40FA-B46C-A708C2494BE7}.Debug|Any CPU.Build.0 = Debug|Any CPU
		{C5F0771F-0306-40FA-B46C-A708C2494BE7}.Release|Any CPU.ActiveCfg = Release|Any CPU
		{C5F0771F-0306-40FA-B46C-A708C2494BE7}.Release|Any CPU.Build.0 = Release|Any CPU
		{C5F0771F-0306-40FA-B46C-A708C2494BE7}.Debug|iPhoneSimulator.ActiveCfg = Debug|Any CPU
		{C5F0771F-0306-40FA-B46C-A708C2494BE7}.Debug|iPhoneSimulator.Build.0 = Debug|Any CPU
		{C5F0771F-0306-40FA-B46C-A708C2494BE7}.Release|iPhone.ActiveCfg = Release|Any CPU
		{C5F0771F-0306-40FA-B46C-A708C2494BE7}.Release|iPhone.Build.0 = Release|Any CPU
		{C5F0771F-0306-40FA-B46C-A708C2494BE7}.Release|iPhoneSimulator.ActiveCfg = Release|Any CPU
		{C5F0771F-0306-40FA-B46C-A708C2494BE7}.Release|iPhoneSimulator.Build.0 = Release|Any CPU
		{C5F0771F-0306-40FA-B46C-A708C2494BE7}.Debug|iPhone.ActiveCfg = Debug|Any CPU
		{C5F0771F-0306-40FA-B46C-A708C2494BE7}.Debug|iPhone.Build.0 = Debug|Any CPU
		{0AE9F8DD-9F96-4F67-84FE-C568A500821B}.Debug|Any CPU.ActiveCfg = Debug|iPhoneSimulator
		{0AE9F8DD-9F96-4F67-84FE-C568A500821B}.Debug|Any CPU.Build.0 = Debug|iPhoneSimulator
		{0AE9F8DD-9F96-4F67-84FE-C568A500821B}.Release|Any CPU.ActiveCfg = Debug|iPhoneSimulator
		{0AE9F8DD-9F96-4F67-84FE-C568A500821B}.Release|Any CPU.Build.0 = Debug|iPhoneSimulator
		{0AE9F8DD-9F96-4F67-84FE-C568A500821B}.Debug|iPhoneSimulator.ActiveCfg = Debug|iPhoneSimulator
		{0AE9F8DD-9F96-4F67-84FE-C568A500821B}.Debug|iPhoneSimulator.Build.0 = Debug|iPhoneSimulator
		{0AE9F8DD-9F96-4F67-84FE-C568A500821B}.Release|iPhone.ActiveCfg = Release|iPhone
		{0AE9F8DD-9F96-4F67-84FE-C568A500821B}.Release|iPhone.Build.0 = Release|iPhone
		{0AE9F8DD-9F96-4F67-84FE-C568A500821B}.Release|iPhoneSimulator.ActiveCfg = Release|iPhoneSimulator
		{0AE9F8DD-9F96-4F67-84FE-C568A500821B}.Release|iPhoneSimulator.Build.0 = Release|iPhoneSimulator
		{0AE9F8DD-9F96-4F67-84FE-C568A500821B}.Debug|iPhone.ActiveCfg = Debug|iPhone
		{0AE9F8DD-9F96-4F67-84FE-C568A500821B}.Debug|iPhone.Build.0 = Debug|iPhone
		{106E2567-9F6A-473B-856D-E4EDF8AAAD35}.Debug|Any CPU.ActiveCfg = Debug|Any CPU
		{106E2567-9F6A-473B-856D-E4EDF8AAAD35}.Debug|Any CPU.Build.0 = Debug|Any CPU
		{106E2567-9F6A-473B-856D-E4EDF8AAAD35}.Release|Any CPU.ActiveCfg = Release|Any CPU
		{106E2567-9F6A-473B-856D-E4EDF8AAAD35}.Release|Any CPU.Build.0 = Release|Any CPU
		{106E2567-9F6A-473B-856D-E4EDF8AAAD35}.Debug|iPhoneSimulator.ActiveCfg = Debug|Any CPU
		{106E2567-9F6A-473B-856D-E4EDF8AAAD35}.Debug|iPhoneSimulator.Build.0 = Debug|Any CPU
		{106E2567-9F6A-473B-856D-E4EDF8AAAD35}.Release|iPhone.ActiveCfg = Release|Any CPU
		{106E2567-9F6A-473B-856D-E4EDF8AAAD35}.Release|iPhone.Build.0 = Release|Any CPU
		{106E2567-9F6A-473B-856D-E4EDF8AAAD35}.Release|iPhoneSimulator.ActiveCfg = Release|Any CPU
		{106E2567-9F6A-473B-856D-E4EDF8AAAD35}.Release|iPhoneSimulator.Build.0 = Release|Any CPU
		{106E2567-9F6A-473B-856D-E4EDF8AAAD35}.Debug|iPhone.ActiveCfg = Debug|Any CPU
		{106E2567-9F6A-473B-856D-E4EDF8AAAD35}.Debug|iPhone.Build.0 = Debug|Any CPU
	EndGlobalSection
EndGlobal
