
Microsoft Visual Studio Solution File, Format Version 11.00
# Visual Studio 2010
Project("{FAE04EC0-301F-11D3-BF4B-00C04F79EFBC}") = "FacebookSample.Android", "FacebookSample.Android\FacebookSample.Android.csproj", "{FCFFF4C1-BCB0-4450-9EA0-18DF1B31B0DE}"
EndProject
Global
	GlobalSection(SolutionConfigurationPlatforms) = preSolution
		Debug|Any CPU = Debug|Any CPU
		Release|Any CPU = Release|Any CPU
	EndGlobalSection
	GlobalSection(ProjectConfigurationPlatforms) = postSolution
		{FCFFF4C1-BCB0-4450-9EA0-18DF1B31B0DE}.Debug|Any CPU.ActiveCfg = Debug|Any CPU
		{FCFFF4C1-BCB0-4450-9EA0-18DF1B31B0DE}.Debug|Any CPU.Build.0 = Debug|Any CPU
		{FCFFF4C1-BCB0-4450-9EA0-18DF1B31B0DE}.Release|Any CPU.ActiveCfg = Release|Any CPU
		{FCFFF4C1-BCB0-4450-9EA0-18DF1B31B0DE}.Release|Any CPU.Build.0 = Release|Any CPU
	EndGlobalSection
	GlobalSection(MonoDevelopProperties) = preSolution
		StartupItem = FacebookSample.Android\FacebookSample.Android.csproj
	EndGlobalSection
EndGlobal
